<?xml version="1.0" encoding="utf-8"?>
<Project ToolsVersion="4.0" xmlns="http://schemas.microsoft.com/developer/msbuild/2003">
  <ItemGroup>
    <Filter Include="Source Files">
      <UniqueIdentifier>{4FC737F1-C7A5-4376-A066-2A32D752A2FF}</UniqueIdentifier>
      <Extensions>cpp;cxx;c;def</Extensions>
    </Filter>
    <Filter Include="Header Files">
      <UniqueIdentifier>{93995380-89BD-4b04-88EB-625FBE52EBFB}</UniqueIdentifier>
      <Extensions>h</Extensions>
    </Filter>
    <Filter Include="Resource Files">
      <UniqueIdentifier>{D9D6E242-F8AF-46E4-B9FD-80ECBC20BA3E}</UniqueIdentifier>
      <Extensions>qrc;*</Extensions>
      <ParseFiles>false</ParseFiles>
    </Filter>
    <Filter Include="Generated Files">
      <UniqueIdentifier>{71ED8ED8-ACB9-4CE9-BBE1-E00B30144E11}</UniqueIdentifier>
      <Extensions>moc;h;cpp</Extensions>
      <SourceControlFiles>False</SourceControlFiles>
    </Filter>
  </ItemGroup>
  <ItemGroup>
    <ClCompile Include="main.cpp">
      <Filter>Source Files</Filter>
    </ClCompile>
    <ClCompile Include="Foo.cpp">
      <Filter>Source Files</Filter>
    </ClCompile>
    <ClCompile Include="common-math_.cpp">
      <Filter>Source Files</Filter>
    </ClCompile>
  </ItemGroup>
  <ItemGroup>
    <ClInclude Include="common-matrix3.h">
      <Filter>Header Files</Filter>
    </ClInclude>
    <ClInclude Include="common-matrix2.h">
      <Filter>Header Files</Filter>
    </ClInclude>
    <ClInclude Include="common-matrix4.h">
      <Filter>Header Files</Filter>
    </ClInclude>
    <ClInclude Include="common.h">
      <Filter>Header Files</Filter>
    </ClInclude>
    <ClInclude Include="common-imatrixadapter.h">
      <Filter>Header Files</Filter>
    </ClInclude>
    <ClInclude Include="common-image.h">
      <Filter>Header Files</Filter>
    </ClInclude>
    <ClInclude Include="common-matrixn.h">
      <Filter>Header Files</Filter>
    </ClInclude>
    <ClInclude Include="core.h">
      <Filter>Header Files</Filter>
    </ClInclude>
    <ClInclude Include="picture.h">
      <Filter>Header Files</Filter>
    </ClInclude>
    <ClInclude Include="picture-qt.h">
      <Filter>Header Files</Filter>
    </ClInclude>
    <ClInclude Include="picture-quadcolormap.h">
      <Filter>Header Files</Filter>
    </ClInclude>
    <ClInclude Include="picture-selectchanavgtrichanpixelconv.h">
      <Filter>Header Files</Filter>
    </ClInclude>
    <ClInclude Include="picture-spreadchantrichanpixelconv.h">
      <Filter>Header Files</Filter>
    </ClInclude>
    <ClInclude Include="picture-spreadvaluetrichanpixelconv.h">
      <Filter>Header Files</Filter>
    </ClInclude>
    <ClInclude Include="picture-tricolormap.h">
      <Filter>Header Files</Filter>
    </ClInclude>
    <ClInclude Include="picture-selectchantrichanpixelconv.h">
      <Filter>Header Files</Filter>
    </ClInclude>
    <ClInclude Include="picture-spreadvaluequadchanpixelconv.h">
      <Filter>Header Files</Filter>
    </ClInclude>
    <ClInclude Include="picture-spreadchanquadchanpixelconv.h">
      <Filter>Header Files</Filter>
    </ClInclude>
    <ClInclude Include="picture-selectchanquadchanpixelconv.h">
      <Filter>Header Files</Filter>
    </ClInclude>
    <ClInclude Include="picture-selectchanavgquadchanpixelconv.h">
      <Filter>Header Files</Filter>
    </ClInclude>
    <ClInclude Include="picture-quadchanpixelconvbuilders_.h">
      <Filter>Header Files</Filter>
    </ClInclude>
    <ClInclude Include="picture-trichanpixelconvbuilders_.h">
      <Filter>Header Files</Filter>
    </ClInclude>
    <ClInclude Include="picture-colormaps_.h">
      <Filter>Header Files</Filter>
    </ClInclude>
    <ClInclude Include="picture-qt-imagemapper_.h">
      <Filter>Header Files</Filter>
    </ClInclude>
    <ClInclude Include="common-scalecastpixelconv.h">
      <Filter>Header Files</Filter>
    </ClInclude>
    <ClInclude Include="common-math_.h">
      <Filter>Header Files</Filter>
    </ClInclude>
    <ClInclude Include="common-unitinterval.h">
      <Filter>Header Files</Filter>
    </ClInclude>
    <ClInclude Include="common-ipixelconverter.h">
      <Filter>Header Files</Filter>
    </ClInclude>
    <ClInclude Include="common-tuple.h">
      <Filter>Header Files</Filter>
    </ClInclude>
    <ClInclude Include="common-castpixelconv.h">
      <Filter>Header Files</Filter>
    </ClInclude>
    <ClInclude Include="picture-colormodelconvbuilders_.h">
      <Filter>Header Files</Filter>
    </ClInclude>
    <ClInclude Include="picture-colormodelhelpers_.h">
      <Filter>Header Files</Filter>
    </ClInclude>
    <ClInclude Include="picture-rgbtohsvpixelconv.h">
      <Filter>Header Files</Filter>
    </ClInclude>
    <ClInclude Include="picture-hsvtorgbpixelconv.h">
      <Filter>Header Files</Filter>
    </ClInclude>
    <ClInclude Include="common-chainpixelconv.h">
      <Filter>Header Files</Filter>
    </ClInclude>
    <ClInclude Include="common-vector2.h">
      <Filter>Header Files</Filter>
    </ClInclude>
    <ClInclude Include="common-vector3.h">
      <Filter>Header Files</Filter>
    </ClInclude>
    <ClInclude Include="common-vector4.h">
      <Filter>Header Files</Filter>
    </ClInclude>
    <ClInclude Include="picture-colorhelpers_.h">
      <Filter>Header Files</Filter>
    </ClInclude>
    <ClInclude Include="common-bounds_.h">
      <Filter>Header Files</Filter>
    </ClInclude>
    <ClInclude Include="picture-quadcolormapscaledpixelconv.h">
      <Filter>Header Files</Filter>
    </ClInclude>
    <ClInclude Include="picture-tricolormapscaledpixelconv.h">
      <Filter>Header Files</Filter>
    </ClInclude>
    <ClInclude Include="picture-tricolormappalettepixelconv.h">
      <Filter>Header Files</Filter>
    </ClInclude>
    <ClInclude Include="common-nullable.h">
      <Filter>Header Files</Filter>
    </ClInclude>
    <ClInclude Include="common-list.h">
      <Filter>Header Files</Filter>
    </ClInclude>
    <ClInclude Include="common-nullablenull.h">
      <Filter>Header Files</Filter>
    </ClInclude>
    <ClInclude Include="common-unitvector.h">
      <Filter>Header Files</Filter>
    </ClInclude>
    <ClInclude Include="space3d.h">
      <Filter>Header Files</Filter>
    </ClInclude>
    <ClInclude Include="space3d-coordinate.h">
      <Filter>Header Files</Filter>
    </ClInclude>
    <ClInclude Include="space2d-plot.h">
      <Filter>Header Files</Filter>
    </ClInclude>
    <ClInclude Include="space2d.h">
      <Filter>Header Files</Filter>
    </ClInclude>
    <ClInclude Include="space2d-common_.h">
      <Filter>Header Files</Filter>
    </ClInclude>
    <ClInclude Include="space3d-common_.h">
      <Filter>Header Files</Filter>
    </ClInclude>
    <ClInclude Include="common-quaternion.h">
      <Filter>Header Files</Filter>
    </ClInclude>
    <ClInclude Include="studio.h">
      <Filter>Header Files</Filter>
    </ClInclude>
    <ClInclude Include="space3d-transformmatrixbuilders_.h">
      <Filter>Header Files</Filter>
    </ClInclude>
    <ClInclude Include="space2d-transformmatrixbuilders_.h">
      <Filter>Header Files</Filter>
    </ClInclude>
    <ClInclude Include="space3d-transformquaternionbuilders_.h">
      <Filter>Header Files</Filter>
    </ClInclude>
    <ClInclude Include="space3d-axis.h">
      <Filter>Header Files</Filter>
    </ClInclude>
    <ClInclude Include="space2d-axis.h">
      <Filter>Header Files</Filter>
    </ClInclude>
    <ClInclude Include="render3d.h">
      <Filter>Header Files</Filter>
    </ClInclude>
    <ClInclude Include="render3d-orthographic.h">
      <Filter>Header Files</Filter>
    </ClInclude>
    <ClInclude Include="movement.h">
      <Filter>Header Files</Filter>
    </ClInclude>
    <ClInclude Include="movement-bone.h">
      <Filter>Header Files</Filter>
    </ClInclude>
    <ClInclude Include="movement-skeletal.h">
      <Filter>Header Files</Filter>
    </ClInclude>
    <ClInclude Include="movement-iactuator.h">
      <Filter>Header Files</Filter>
    </ClInclude>
    <ClInclude Include="movement-rotatingactuator.h">
      <Filter>Header Files</Filter>
    </ClInclude>
    <ClInclude Include="movement-linearactuator.h">
      <Filter>Header Files</Filter>
    </ClInclude>
    <ClInclude Include="movement-actuatormanager.h">
      <Filter>Header Files</Filter>
    </ClInclude>
  </ItemGroup>
</Project>